
Microsoft Visual Studio Solution File, Format Version 12.00
# Visual Studio Version 16
VisualStudioVersion = 16.0.31515.178
MinimumVisualStudioVersion = 10.0.40219.1
Project("{9A19103F-16F7-4668-BE54-9A1E7A4F7556}") = "SportsTeamManager", "SportsTeamManager\SportsTeamManager.csproj", "{A1A1911D-F99B-4C12-A37E-52166935321E}"
EndProject
Project("{FAE04EC0-301F-11D3-BF4B-00C04F79EFBC}") = "SportsTeamManager.Tests", "SportsTeamManager.Tests\SportsTeamManager.Tests.csproj", "{139A8F2A-8081-4C90-9522-D79A80D54811}"
EndProject
Global
	GlobalSection(SolutionConfigurationPlatforms) = preSolution
		Debug|Any CPU = Debug|Any CPU
		Release|Any CPU = Release|Any CPU
	EndGlobalSection
	GlobalSection(ProjectConfigurationPlatforms) = postSolution
		{A1A1911D-F99B-4C12-A37E-52166935321E}.Debug|Any CPU.ActiveCfg = Debug|Any CPU
		{A1A1911D-F99B-4C12-A37E-52166935321E}.Debug|Any CPU.Build.0 = Debug|Any CPU
		{A1A1911D-F99B-4C12-A37E-52166935321E}.Release|Any CPU.ActiveCfg = Release|Any CPU
		{A1A1911D-F99B-4C12-A37E-52166935321E}.Release|Any CPU.Build.0 = Release|Any CPU
		{139A8F2A-8081-4C90-9522-D79A80D54811}.Debug|Any CPU.ActiveCfg = Debug|Any CPU
		{139A8F2A-8081-4C90-9522-D79A80D54811}.Debug|Any CPU.Build.0 = Debug|Any CPU
		{139A8F2A-8081-4C90-9522-D79A80D54811}.Release|Any CPU.ActiveCfg = Release|Any CPU
		{139A8F2A-8081-4C90-9522-D79A80D54811}.Release|Any CPU.Build.0 = Release|Any CPU
	EndGlobalSection
	GlobalSection(SolutionProperties) = preSolution
		HideSolutionNode = FALSE
	EndGlobalSection
	GlobalSection(ExtensibilityGlobals) = postSolution
		SolutionGuid = {457FFAD4-F15F-4C3F-A773-086487DB9F97}
	EndGlobalSection
EndGlobal
